// !$*UTF8*$!
{
	archiveVersion = 1;
	classes = {
	};
	objectVersion = 56;
	objects = {

/* Begin PBXBuildFile section */
		94314B00D6E17359BD81626F /* Pods_Electrolux.framework in Frameworks */ = {isa = PBXBuildFile; fileRef = 4CE7F99DE2D4D144FFB95971 /* Pods_Electrolux.framework */; };
		E12C57AD2C723DD4006D88A6 /* SecondViewController.swift in Sources */ = {isa = PBXBuildFile; fileRef = E12C57AC2C723DD4006D88A6 /* SecondViewController.swift */; };
		E12C57B32C724D40006D88A6 /* CustomCollectionViewCell.swift in Sources */ = {isa = PBXBuildFile; fileRef = E12C57B22C724D40006D88A6 /* CustomCollectionViewCell.swift */; };
		E12C57B72C7265DD006D88A6 /* ProductCardViewController.swift in Sources */ = {isa = PBXBuildFile; fileRef = E12C57B62C7265DD006D88A6 /* ProductCardViewController.swift */; };
		E12C57B92C726665006D88A6 /* NetworkManager.swift in Sources */ = {isa = PBXBuildFile; fileRef = E12C57B82C726665006D88A6 /* NetworkManager.swift */; };
		E12C58F32C7CE4FC006D88A6 /* PostImages.swift in Sources */ = {isa = PBXBuildFile; fileRef = E12C58F22C7CE4FC006D88A6 /* PostImages.swift */; };
		E12C58F52C7CF8A0006D88A6 /* ImageCache.swift in Sources */ = {isa = PBXBuildFile; fileRef = E12C58F42C7CF8A0006D88A6 /* ImageCache.swift */; };
		E13D239E2CA1FEB8003B64BB /* BiographyTextFile.swift in Sources */ = {isa = PBXBuildFile; fileRef = E13D239D2CA1FEB8003B64BB /* BiographyTextFile.swift */; };
		E1570D432C6D23CC00886E75 /* AppDelegate.swift in Sources */ = {isa = PBXBuildFile; fileRef = E1570D422C6D23CC00886E75 /* AppDelegate.swift */; };
		E1570D452C6D23CC00886E75 /* SceneDelegate.swift in Sources */ = {isa = PBXBuildFile; fileRef = E1570D442C6D23CC00886E75 /* SceneDelegate.swift */; };
		E1570D472C6D23CC00886E75 /* FirstViewController.swift in Sources */ = {isa = PBXBuildFile; fileRef = E1570D462C6D23CC00886E75 /* FirstViewController.swift */; };
		E1570D4C2C6D23CE00886E75 /* Assets.xcassets in Resources */ = {isa = PBXBuildFile; fileRef = E1570D4B2C6D23CE00886E75 /* Assets.xcassets */; };
		E1570D4F2C6D23CE00886E75 /* LaunchScreen.storyboard in Resources */ = {isa = PBXBuildFile; fileRef = E1570D4D2C6D23CE00886E75 /* LaunchScreen.storyboard */; };
		E1570D582C6D24DA00886E75 /* SnapKit in Frameworks */ = {isa = PBXBuildFile; productRef = E1570D572C6D24DA00886E75 /* SnapKit */; };
		E1CCB9C12C7E54FE00774927 /* NetworkError.swift in Sources */ = {isa = PBXBuildFile; fileRef = E1CCB9C02C7E54FE00774927 /* NetworkError.swift */; };
/* End PBXBuildFile section */

/* Begin PBXFileReference section */
		4CE7F99DE2D4D144FFB95971 /* Pods_Electrolux.framework */ = {isa = PBXFileReference; explicitFileType = wrapper.framework; includeInIndex = 0; path = Pods_Electrolux.framework; sourceTree = BUILT_PRODUCTS_DIR; };
		E12C57AC2C723DD4006D88A6 /* SecondViewController.swift */ = {isa = PBXFileReference; lastKnownFileType = sourcecode.swift; path = SecondViewController.swift; sourceTree = "<group>"; };
		E12C57B22C724D40006D88A6 /* CustomCollectionViewCell.swift */ = {isa = PBXFileReference; lastKnownFileType = sourcecode.swift; path = CustomCollectionViewCell.swift; sourceTree = "<group>"; };
		E12C57B62C7265DD006D88A6 /* ProductCardViewController.swift */ = {isa = PBXFileReference; lastKnownFileType = sourcecode.swift; path = ProductCardViewController.swift; sourceTree = "<group>"; };
		E12C57B82C726665006D88A6 /* NetworkManager.swift */ = {isa = PBXFileReference; lastKnownFileType = sourcecode.swift; path = NetworkManager.swift; sourceTree = "<group>"; };
		E12C58F22C7CE4FC006D88A6 /* PostImages.swift */ = {isa = PBXFileReference; lastKnownFileType = sourcecode.swift; path = PostImages.swift; sourceTree = "<group>"; };
		E12C58F42C7CF8A0006D88A6 /* ImageCache.swift */ = {isa = PBXFileReference; lastKnownFileType = sourcecode.swift; path = ImageCache.swift; sourceTree = "<group>"; };
		E13D239D2CA1FEB8003B64BB /* BiographyTextFile.swift */ = {isa = PBXFileReference; lastKnownFileType = sourcecode.swift; path = BiographyTextFile.swift; sourceTree = "<group>"; };
		E1570D3F2C6D23CC00886E75 /* Electrolux.app */ = {isa = PBXFileReference; explicitFileType = wrapper.application; includeInIndex = 0; path = Electrolux.app; sourceTree = BUILT_PRODUCTS_DIR; };
		E1570D422C6D23CC00886E75 /* AppDelegate.swift */ = {isa = PBXFileReference; lastKnownFileType = sourcecode.swift; path = AppDelegate.swift; sourceTree = "<group>"; };
		E1570D442C6D23CC00886E75 /* SceneDelegate.swift */ = {isa = PBXFileReference; lastKnownFileType = sourcecode.swift; path = SceneDelegate.swift; sourceTree = "<group>"; };
		E1570D462C6D23CC00886E75 /* FirstViewController.swift */ = {isa = PBXFileReference; lastKnownFileType = sourcecode.swift; path = FirstViewController.swift; sourceTree = "<group>"; };
		E1570D4B2C6D23CE00886E75 /* Assets.xcassets */ = {isa = PBXFileReference; lastKnownFileType = folder.assetcatalog; path = Assets.xcassets; sourceTree = "<group>"; };
		E1570D4E2C6D23CE00886E75 /* Base */ = {isa = PBXFileReference; lastKnownFileType = file.storyboard; name = Base; path = Base.lproj/LaunchScreen.storyboard; sourceTree = "<group>"; };
		E1570D502C6D23CE00886E75 /* Info.plist */ = {isa = PBXFileReference; lastKnownFileType = text.plist.xml; path = Info.plist; sourceTree = "<group>"; };
		E1CCB9C02C7E54FE00774927 /* NetworkError.swift */ = {isa = PBXFileReference; lastKnownFileType = sourcecode.swift; path = NetworkError.swift; sourceTree = "<group>"; };
		E2F3A511C917A53AD965FDAE /* Pods-Electrolux.release.xcconfig */ = {isa = PBXFileReference; includeInIndex = 1; lastKnownFileType = text.xcconfig; name = "Pods-Electrolux.release.xcconfig"; path = "Target Support Files/Pods-Electrolux/Pods-Electrolux.release.xcconfig"; sourceTree = "<group>"; };
		F85375B9FB69F6B1A79E47B3 /* Pods-Electrolux.debug.xcconfig */ = {isa = PBXFileReference; includeInIndex = 1; lastKnownFileType = text.xcconfig; name = "Pods-Electrolux.debug.xcconfig"; path = "Target Support Files/Pods-Electrolux/Pods-Electrolux.debug.xcconfig"; sourceTree = "<group>"; };
/* End PBXFileReference section */

/* Begin PBXFrameworksBuildPhase section */
		E1570D3C2C6D23CC00886E75 /* Frameworks */ = {
			isa = PBXFrameworksBuildPhase;
			buildActionMask = 2147483647;
			files = (
				E1570D582C6D24DA00886E75 /* SnapKit in Frameworks */,
				94314B00D6E17359BD81626F /* Pods_Electrolux.framework in Frameworks */,
			);
			runOnlyForDeploymentPostprocessing = 0;
		};
/* End PBXFrameworksBuildPhase section */

/* Begin PBXGroup section */
		5197D2EC17B8FC31DE64DFF8 /* Frameworks */ = {
			isa = PBXGroup;
			children = (
				4CE7F99DE2D4D144FFB95971 /* Pods_Electrolux.framework */,
			);
			name = Frameworks;
			sourceTree = "<group>";
		};
		C3C79AF67A34D2DEF45A1CD8 /* Pods */ = {
			isa = PBXGroup;
			children = (
				F85375B9FB69F6B1A79E47B3 /* Pods-Electrolux.debug.xcconfig */,
				E2F3A511C917A53AD965FDAE /* Pods-Electrolux.release.xcconfig */,
			);
			path = Pods;
			sourceTree = "<group>";
		};
		E1570D362C6D23CC00886E75 = {
			isa = PBXGroup;
			children = (
				E1570D412C6D23CC00886E75 /* Electrolux */,
				E1570D402C6D23CC00886E75 /* Products */,
				C3C79AF67A34D2DEF45A1CD8 /* Pods */,
				5197D2EC17B8FC31DE64DFF8 /* Frameworks */,
			);
			sourceTree = "<group>";
		};
		E1570D402C6D23CC00886E75 /* Products */ = {
			isa = PBXGroup;
			children = (
				E1570D3F2C6D23CC00886E75 /* Electrolux.app */,
			);
			name = Products;
			sourceTree = "<group>";
		};
		E1570D412C6D23CC00886E75 /* Electrolux */ = {
			isa = PBXGroup;
			children = (
				E1CCB9BF2C7E4F9C00774927 /* Application */,
				E1570D462C6D23CC00886E75 /* FirstViewController.swift */,
				E12C57B62C7265DD006D88A6 /* ProductCardViewController.swift */,
				E12C57AC2C723DD4006D88A6 /* SecondViewController.swift */,
				E12C57B22C724D40006D88A6 /* CustomCollectionViewCell.swift */,
				E13D239D2CA1FEB8003B64BB /* BiographyTextFile.swift */,
				E12C57B82C726665006D88A6 /* NetworkManager.swift */,
				E1CCB9C02C7E54FE00774927 /* NetworkError.swift */,
				E12C58F22C7CE4FC006D88A6 /* PostImages.swift */,
				E12C58F42C7CF8A0006D88A6 /* ImageCache.swift */,
				E1570D4B2C6D23CE00886E75 /* Assets.xcassets */,
				E1570D4D2C6D23CE00886E75 /* LaunchScreen.storyboard */,
				E1570D502C6D23CE00886E75 /* Info.plist */,
			);
			path = Electrolux;
			sourceTree = "<group>";
		};
		E1CCB9BF2C7E4F9C00774927 /* Application */ = {
			isa = PBXGroup;
			children = (
				E1570D422C6D23CC00886E75 /* AppDelegate.swift */,
				E1570D442C6D23CC00886E75 /* SceneDelegate.swift */,
			);
			path = Application;
			sourceTree = "<group>";
		};
/* End PBXGroup section */

/* Begin PBXNativeTarget section */
		E1570D3E2C6D23CC00886E75 /* Electrolux */ = {
			isa = PBXNativeTarget;
			buildConfigurationList = E1570D532C6D23CE00886E75 /* Build configuration list for PBXNativeTarget "Electrolux" */;
			buildPhases = (
				70A63D47F1149C35475EF12F /* [CP] Check Pods Manifest.lock */,
				E1570D3B2C6D23CC00886E75 /* Sources */,
				E1570D3C2C6D23CC00886E75 /* Frameworks */,
				E1570D3D2C6D23CC00886E75 /* Resources */,
				E1570D592C6D258500886E75 /* ShellScript */,
				701C780B4EC60FCCDBA8BC1E /* [CP] Embed Pods Frameworks */,
				E13D239F2CA48A34003B64BB /* ShellScript */,
			);
			buildRules = (
			);
			dependencies = (
			);
			name = Electrolux;
			packageProductDependencies = (
				E1570D572C6D24DA00886E75 /* SnapKit */,
			);
			productName = Electrolux;
			productReference = E1570D3F2C6D23CC00886E75 /* Electrolux.app */;
			productType = "com.apple.product-type.application";
		};
/* End PBXNativeTarget section */

/* Begin PBXProject section */
		E1570D372C6D23CC00886E75 /* Project object */ = {
			isa = PBXProject;
			attributes = {
				BuildIndependentTargetsInParallel = 1;
				LastSwiftUpdateCheck = 1430;
				LastUpgradeCheck = 1430;
				TargetAttributes = {
					E1570D3E2C6D23CC00886E75 = {
						CreatedOnToolsVersion = 14.3.1;
					};
				};
			};
			buildConfigurationList = E1570D3A2C6D23CC00886E75 /* Build configuration list for PBXProject "Electrolux" */;
			compatibilityVersion = "Xcode 14.0";
			developmentRegion = en;
			hasScannedForEncodings = 0;
			knownRegions = (
				en,
				Base,
			);
			mainGroup = E1570D362C6D23CC00886E75;
			packageReferences = (
				E1570D562C6D24DA00886E75 /* XCRemoteSwiftPackageReference "SnapKit" */,
			);
			productRefGroup = E1570D402C6D23CC00886E75 /* Products */;
			projectDirPath = "";
			projectRoot = "";
			targets = (
				E1570D3E2C6D23CC00886E75 /* Electrolux */,
			);
		};
/* End PBXProject section */

/* Begin PBXResourcesBuildPhase section */
		E1570D3D2C6D23CC00886E75 /* Resources */ = {
			isa = PBXResourcesBuildPhase;
			buildActionMask = 2147483647;
			files = (
				E1570D4F2C6D23CE00886E75 /* LaunchScreen.storyboard in Resources */,
				E1570D4C2C6D23CE00886E75 /* Assets.xcassets in Resources */,
			);
			runOnlyForDeploymentPostprocessing = 0;
		};
/* End PBXResourcesBuildPhase section */

/* Begin PBXShellScriptBuildPhase section */
		701C780B4EC60FCCDBA8BC1E /* [CP] Embed Pods Frameworks */ = {
			isa = PBXShellScriptBuildPhase;
			buildActionMask = 2147483647;
			files = (
			);
			inputFileListPaths = (
				"${PODS_ROOT}/Target Support Files/Pods-Electrolux/Pods-Electrolux-frameworks-${CONFIGURATION}-input-files.xcfilelist",
			);
			name = "[CP] Embed Pods Frameworks";
			outputFileListPaths = (
				"${PODS_ROOT}/Target Support Files/Pods-Electrolux/Pods-Electrolux-frameworks-${CONFIGURATION}-output-files.xcfilelist",
			);
			runOnlyForDeploymentPostprocessing = 0;
			shellPath = /bin/sh;
			shellScript = "\"${PODS_ROOT}/Target Support Files/Pods-Electrolux/Pods-Electrolux-frameworks.sh\"\n";
			showEnvVarsInLog = 0;
		};
		70A63D47F1149C35475EF12F /* [CP] Check Pods Manifest.lock */ = {
			isa = PBXShellScriptBuildPhase;
			buildActionMask = 2147483647;
			files = (
			);
			inputFileListPaths = (
			);
			inputPaths = (
				"${PODS_PODFILE_DIR_PATH}/Podfile.lock",
				"${PODS_ROOT}/Manifest.lock",
			);
			name = "[CP] Check Pods Manifest.lock";
			outputFileListPaths = (
			);
			outputPaths = (
				"$(DERIVED_FILE_DIR)/Pods-Electrolux-checkManifestLockResult.txt",
			);
			runOnlyForDeploymentPostprocessing = 0;
			shellPath = /bin/sh;
			shellScript = "diff \"${PODS_PODFILE_DIR_PATH}/Podfile.lock\" \"${PODS_ROOT}/Manifest.lock\" > /dev/null\nif [ $? != 0 ] ; then\n    # print error to STDERR\n    echo \"error: The sandbox is not in sync with the Podfile.lock. Run 'pod install' or update your CocoaPods installation.\" >&2\n    exit 1\nfi\n# This output is used by Xcode 'outputs' to avoid re-running this script phase.\necho \"SUCCESS\" > \"${SCRIPT_OUTPUT_FILE_0}\"\n";
			showEnvVarsInLog = 0;
		};
		E13D239F2CA48A34003B64BB /* ShellScript */ = {
			isa = PBXShellScriptBuildPhase;
			alwaysOutOfDate = 1;
			buildActionMask = 2147483647;
			files = (
			);
			inputFileListPaths = (
			);
			inputPaths = (
			);
			outputFileListPaths = (
			);
			outputPaths = (
			);
			runOnlyForDeploymentPostprocessing = 0;
			shellPath = /bin/sh;
			shellScript = "if [[ \"$(uname -m)\" == arm64 ]]; then\n    export PATH=\"/opt/homebrew/bin:$PATH\"\nfi\n\nif which swiftlint > /dev/null; then\n  swiftlint\nelse\n  echo \"warning: SwiftLint not installed, download from https://github.com/realm/SwiftLint\"\nfi\n\n";
			showEnvVarsInLog = 0;
		};
		E1570D592C6D258500886E75 /* ShellScript */ = {
			isa = PBXShellScriptBuildPhase;
			alwaysOutOfDate = 1;
			buildActionMask = 2147483647;
			files = (
			);
			inputFileListPaths = (
			);
			inputPaths = (
			);
			outputFileListPaths = (
			);
			outputPaths = (
			);
			runOnlyForDeploymentPostprocessing = 0;
			shellPath = /bin/sh;
			shellScript = "
";
			showEnvVarsInLog = 0;
		};
/* End PBXShellScriptBuildPhase section */

/* Begin PBXSourcesBuildPhase section */
		E1570D3B2C6D23CC00886E75 /* Sources */ = {
			isa = PBXSourcesBuildPhase;
			buildActionMask = 2147483647;
			files = (
				E13D239E2CA1FEB8003B64BB /* BiographyTextFile.swift in Sources */,
				E12C58F52C7CF8A0006D88A6 /* ImageCache.swift in Sources */,
				E12C57AD2C723DD4006D88A6 /* SecondViewController.swift in Sources */,
				E12C57B72C7265DD006D88A6 /* ProductCardViewController.swift in Sources */,
				E12C57B32C724D40006D88A6 /* CustomCollectionViewCell.swift in Sources */,
				E12C57B92C726665006D88A6 /* NetworkManager.swift in Sources */,
				E1570D472C6D23CC00886E75 /* FirstViewController.swift in Sources */,
				E12C58F32C7CE4FC006D88A6 /* PostImages.swift in Sources */,
				E1570D432C6D23CC00886E75 /* AppDelegate.swift in Sources */,
				E1CCB9C12C7E54FE00774927 /* NetworkError.swift in Sources */,
				E1570D452C6D23CC00886E75 /* SceneDelegate.swift in Sources */,
			);
			runOnlyForDeploymentPostprocessing = 0;
		};
/* End PBXSourcesBuildPhase section */

/* Begin PBXVariantGroup section */
		E1570D4D2C6D23CE00886E75 /* LaunchScreen.storyboard */ = {
			isa = PBXVariantGroup;
			children = (
				E1570D4E2C6D23CE00886E75 /* Base */,
			);
			name = LaunchScreen.storyboard;
			sourceTree = "<group>";
		};
/* End PBXVariantGroup section */

/* Begin XCBuildConfiguration section */
		E1570D512C6D23CE00886E75 /* Debug */ = {
			isa = XCBuildConfiguration;
			buildSettings = {
				ALWAYS_SEARCH_USER_PATHS = NO;
				CLANG_ANALYZER_NONNULL = YES;
				CLANG_ANALYZER_NUMBER_OBJECT_CONVERSION = YES_AGGRESSIVE;
				CLANG_CXX_LANGUAGE_STANDARD = "gnu++20";
				CLANG_ENABLE_MODULES = YES;
				CLANG_ENABLE_OBJC_ARC = YES;
				CLANG_ENABLE_OBJC_WEAK = YES;
				CLANG_WARN_BLOCK_CAPTURE_AUTORELEASING = YES;
				CLANG_WARN_BOOL_CONVERSION = YES;
				CLANG_WARN_COMMA = YES;
				CLANG_WARN_CONSTANT_CONVERSION = YES;
				CLANG_WARN_DEPRECATED_OBJC_IMPLEMENTATIONS = YES;
				CLANG_WARN_DIRECT_OBJC_ISA_USAGE = YES_ERROR;
				CLANG_WARN_DOCUMENTATION_COMMENTS = YES;
				CLANG_WARN_EMPTY_BODY = YES;
				CLANG_WARN_ENUM_CONVERSION = YES;
				CLANG_WARN_INFINITE_RECURSION = YES;
				CLANG_WARN_INT_CONVERSION = YES;
				CLANG_WARN_NON_LITERAL_NULL_CONVERSION = YES;
				CLANG_WARN_OBJC_IMPLICIT_RETAIN_SELF = YES;
				CLANG_WARN_OBJC_LITERAL_CONVERSION = YES;
				CLANG_WARN_OBJC_ROOT_CLASS = YES_ERROR;
				CLANG_WARN_QUOTED_INCLUDE_IN_FRAMEWORK_HEADER = YES;
				CLANG_WARN_RANGE_LOOP_ANALYSIS = YES;
				CLANG_WARN_STRICT_PROTOTYPES = YES;
				CLANG_WARN_SUSPICIOUS_MOVE = YES;
				CLANG_WARN_UNGUARDED_AVAILABILITY = YES_AGGRESSIVE;
				CLANG_WARN_UNREACHABLE_CODE = YES;
				CLANG_WARN__DUPLICATE_METHOD_MATCH = YES;
				COPY_PHASE_STRIP = NO;
				DEBUG_INFORMATION_FORMAT = dwarf;
				ENABLE_STRICT_OBJC_MSGSEND = YES;
				ENABLE_TESTABILITY = YES;
				GCC_C_LANGUAGE_STANDARD = gnu11;
				GCC_DYNAMIC_NO_PIC = NO;
				GCC_NO_COMMON_BLOCKS = YES;
				GCC_OPTIMIZATION_LEVEL = 0;
				GCC_PREPROCESSOR_DEFINITIONS = (
					"DEBUG=1",
					"$(inherited)",
				);
				GCC_WARN_64_TO_32_BIT_CONVERSION = YES;
				GCC_WARN_ABOUT_RETURN_TYPE = YES_ERROR;
				GCC_WARN_UNDECLARED_SELECTOR = YES;
				GCC_WARN_UNINITIALIZED_AUTOS = YES_AGGRESSIVE;
				GCC_WARN_UNUSED_FUNCTION = YES;
				GCC_WARN_UNUSED_VARIABLE = YES;
				IPHONEOS_DEPLOYMENT_TARGET = 16.4;
				MTL_ENABLE_DEBUG_INFO = INCLUDE_SOURCE;
				MTL_FAST_MATH = YES;
				ONLY_ACTIVE_ARCH = YES;
				SDKROOT = iphoneos;
				SWIFT_ACTIVE_COMPILATION_CONDITIONS = DEBUG;
				SWIFT_OPTIMIZATION_LEVEL = "-Onone";
			};
			name = Debug;
		};
		E1570D522C6D23CE00886E75 /* Release */ = {
			isa = XCBuildConfiguration;
			buildSettings = {
				ALWAYS_SEARCH_USER_PATHS = NO;
				CLANG_ANALYZER_NONNULL = YES;
				CLANG_ANALYZER_NUMBER_OBJECT_CONVERSION = YES_AGGRESSIVE;
				CLANG_CXX_LANGUAGE_STANDARD = "gnu++20";
				CLANG_ENABLE_MODULES = YES;
				CLANG_ENABLE_OBJC_ARC = YES;
				CLANG_ENABLE_OBJC_WEAK = YES;
				CLANG_WARN_BLOCK_CAPTURE_AUTORELEASING = YES;
				CLANG_WARN_BOOL_CONVERSION = YES;
				CLANG_WARN_COMMA = YES;
				CLANG_WARN_CONSTANT_CONVERSION = YES;
				CLANG_WARN_DEPRECATED_OBJC_IMPLEMENTATIONS = YES;
				CLANG_WARN_DIRECT_OBJC_ISA_USAGE = YES_ERROR;
				CLANG_WARN_DOCUMENTATION_COMMENTS = YES;
				CLANG_WARN_EMPTY_BODY = YES;
				CLANG_WARN_ENUM_CONVERSION = YES;
				CLANG_WARN_INFINITE_RECURSION = YES;
				CLANG_WARN_INT_CONVERSION = YES;
				CLANG_WARN_NON_LITERAL_NULL_CONVERSION = YES;
				CLANG_WARN_OBJC_IMPLICIT_RETAIN_SELF = YES;
				CLANG_WARN_OBJC_LITERAL_CONVERSION = YES;
				CLANG_WARN_OBJC_ROOT_CLASS = YES_ERROR;
				CLANG_WARN_QUOTED_INCLUDE_IN_FRAMEWORK_HEADER = YES;
				CLANG_WARN_RANGE_LOOP_ANALYSIS = YES;
				CLANG_WARN_STRICT_PROTOTYPES = YES;
				CLANG_WARN_SUSPICIOUS_MOVE = YES;
				CLANG_WARN_UNGUARDED_AVAILABILITY = YES_AGGRESSIVE;
				CLANG_WARN_UNREACHABLE_CODE = YES;
				CLANG_WARN__DUPLICATE_METHOD_MATCH = YES;
				COPY_PHASE_STRIP = NO;
				DEBUG_INFORMATION_FORMAT = "dwarf-with-dsym";
				ENABLE_NS_ASSERTIONS = NO;
				ENABLE_STRICT_OBJC_MSGSEND = YES;
				GCC_C_LANGUAGE_STANDARD = gnu11;
				GCC_NO_COMMON_BLOCKS = YES;
				GCC_WARN_64_TO_32_BIT_CONVERSION = YES;
				GCC_WARN_ABOUT_RETURN_TYPE = YES_ERROR;
				GCC_WARN_UNDECLARED_SELECTOR = YES;
				GCC_WARN_UNINITIALIZED_AUTOS = YES_AGGRESSIVE;
				GCC_WARN_UNUSED_FUNCTION = YES;
				GCC_WARN_UNUSED_VARIABLE = YES;
				IPHONEOS_DEPLOYMENT_TARGET = 16.4;
				MTL_ENABLE_DEBUG_INFO = NO;
				MTL_FAST_MATH = YES;
				SDKROOT = iphoneos;
				SWIFT_COMPILATION_MODE = wholemodule;
				SWIFT_OPTIMIZATION_LEVEL = "-O";
				VALIDATE_PRODUCT = YES;
			};
			name = Release;
		};
		E1570D542C6D23CE00886E75 /* Debug */ = {
			isa = XCBuildConfiguration;
			baseConfigurationReference = F85375B9FB69F6B1A79E47B3 /* Pods-Electrolux.debug.xcconfig */;
			buildSettings = {
				ASSETCATALOG_COMPILER_APPICON_NAME = AppIcon;
				ASSETCATALOG_COMPILER_GLOBAL_ACCENT_COLOR_NAME = AccentColor;
				CODE_SIGN_STYLE = Automatic;
				CURRENT_PROJECT_VERSION = 1;
				DEVELOPMENT_TEAM = QYDD73WSAD;
				GENERATE_INFOPLIST_FILE = YES;
				INFOPLIST_FILE = Electrolux/Info.plist;
				INFOPLIST_KEY_UIApplicationSupportsIndirectInputEvents = YES;
				INFOPLIST_KEY_UILaunchStoryboardName = LaunchScreen;
				INFOPLIST_KEY_UISupportedInterfaceOrientations = UIInterfaceOrientationPortrait;
				INFOPLIST_KEY_UISupportedInterfaceOrientations_iPad = "UIInterfaceOrientationLandscapeLeft UIInterfaceOrientationLandscapeRight UIInterfaceOrientationPortrait UIInterfaceOrientationPortraitUpsideDown";
				LD_RUNPATH_SEARCH_PATHS = (
					"$(inherited)",
					"@executable_path/Frameworks",
				);
				MARKETING_VERSION = 1.0;
				PRODUCT_BUNDLE_IDENTIFIER = ronesta.Electrolux;
				PRODUCT_NAME = "$(TARGET_NAME)";
				SUPPORTED_PLATFORMS = "iphoneos iphonesimulator";
				SUPPORTS_MACCATALYST = NO;
				SUPPORTS_MAC_DESIGNED_FOR_IPHONE_IPAD = NO;
				SWIFT_EMIT_LOC_STRINGS = YES;
				SWIFT_VERSION = 5.0;
				TARGETED_DEVICE_FAMILY = 1;
			};
			name = Debug;
		};
		E1570D552C6D23CE00886E75 /* Release */ = {
			isa = XCBuildConfiguration;
			baseConfigurationReference = E2F3A511C917A53AD965FDAE /* Pods-Electrolux.release.xcconfig */;
			buildSettings = {
				ASSETCATALOG_COMPILER_APPICON_NAME = AppIcon;
				ASSETCATALOG_COMPILER_GLOBAL_ACCENT_COLOR_NAME = AccentColor;
				CODE_SIGN_STYLE = Automatic;
				CURRENT_PROJECT_VERSION = 1;
				DEVELOPMENT_TEAM = QYDD73WSAD;
				GENERATE_INFOPLIST_FILE = YES;
				INFOPLIST_FILE = Electrolux/Info.plist;
				INFOPLIST_KEY_UIApplicationSupportsIndirectInputEvents = YES;
				INFOPLIST_KEY_UILaunchStoryboardName = LaunchScreen;
				INFOPLIST_KEY_UISupportedInterfaceOrientations = UIInterfaceOrientationPortrait;
				INFOPLIST_KEY_UISupportedInterfaceOrientations_iPad = "UIInterfaceOrientationLandscapeLeft UIInterfaceOrientationLandscapeRight UIInterfaceOrientationPortrait UIInterfaceOrientationPortraitUpsideDown";
				LD_RUNPATH_SEARCH_PATHS = (
					"$(inherited)",
					"@executable_path/Frameworks",
				);
				MARKETING_VERSION = 1.0;
				PRODUCT_BUNDLE_IDENTIFIER = ronesta.Electrolux;
				PRODUCT_NAME = "$(TARGET_NAME)";
				SUPPORTED_PLATFORMS = "iphoneos iphonesimulator";
				SUPPORTS_MACCATALYST = NO;
				SUPPORTS_MAC_DESIGNED_FOR_IPHONE_IPAD = NO;
				SWIFT_EMIT_LOC_STRINGS = YES;
				SWIFT_VERSION = 5.0;
				TARGETED_DEVICE_FAMILY = 1;
			};
			name = Release;
		};
/* End XCBuildConfiguration section */

/* Begin XCConfigurationList section */
		E1570D3A2C6D23CC00886E75 /* Build configuration list for PBXProject "Electrolux" */ = {
			isa = XCConfigurationList;
			buildConfigurations = (
				E1570D512C6D23CE00886E75 /* Debug */,
				E1570D522C6D23CE00886E75 /* Release */,
			);
			defaultConfigurationIsVisible = 0;
			defaultConfigurationName = Release;
		};
		E1570D532C6D23CE00886E75 /* Build configuration list for PBXNativeTarget "Electrolux" */ = {
			isa = XCConfigurationList;
			buildConfigurations = (
				E1570D542C6D23CE00886E75 /* Debug */,
				E1570D552C6D23CE00886E75 /* Release */,
			);
			defaultConfigurationIsVisible = 0;
			defaultConfigurationName = Release;
		};
/* End XCConfigurationList section */

/* Begin XCRemoteSwiftPackageReference section */
		E1570D562C6D24DA00886E75 /* XCRemoteSwiftPackageReference "SnapKit" */ = {
			isa = XCRemoteSwiftPackageReference;
			repositoryURL = "https://github.com/SnapKit/SnapKit";
			requirement = {
				kind = upToNextMajorVersion;
				minimumVersion = 5.0.0;
			};
		};
/* End XCRemoteSwiftPackageReference section */

/* Begin XCSwiftPackageProductDependency section */
		E1570D572C6D24DA00886E75 /* SnapKit */ = {
			isa = XCSwiftPackageProductDependency;
			package = E1570D562C6D24DA00886E75 /* XCRemoteSwiftPackageReference "SnapKit" */;
			productName = SnapKit;
		};
/* End XCSwiftPackageProductDependency section */
	};
	rootObject = E1570D372C6D23CC00886E75 /* Project object */;
}
